
Microsoft Visual Studio Solution File, Format Version 12.00
Project("{2150E333-8FDC-42A3-9474-1A3956D46DE8}") = "Arrays", "Arrays", "{EAAB651D-171F-4128-ACF7-25F7450355E1}"
EndProject
Project("{FAE04EC0-301F-11D3-BF4B-00C04F79EFBC}") = "Arrays", "Arrays\Arrays.csproj", "{AE95B847-37C4-4E82-9E2C-859C2E1D4C13}"
EndProject
Project("{2150E333-8FDC-42A3-9474-1A3956D46DE8}") = "Lists", "Lists", "{B63C19AB-1A69-4056-8FB8-6E76E34C5136}"
EndProject
Project("{2150E333-8FDC-42A3-9474-1A3956D46DE8}") = "Aula1", "Aula1", "{6C13D0DE-6183-47D0-BCDB-64FE33B1EEBC}"
EndProject
Project("{2150E333-8FDC-42A3-9474-1A3956D46DE8}") = "Aula2", "Aula2", "{0CA9F173-D580-443C-AEF7-BD0DF3C3DC3F}"
EndProject
Project("{FAE04EC0-301F-11D3-BF4B-00C04F79EFBC}") = "IntroLists", "IntroLists\IntroLists.csproj", "{54C65BD3-8B0A-4394-9445-722145332E57}"
EndProject
Project("{FAE04EC0-301F-11D3-BF4B-00C04F79EFBC}") = "ListaDeObjetos", "ListaDeObjetos\ListaDeObjetos.csproj", "{A81EE66E-1222-443A-BB3A-C5A5C21557F8}"
EndProject
Project("{FAE04EC0-301F-11D3-BF4B-00C04F79EFBC}") = "ListaSomenteLeitura", "ListaSomenteLeitura\ListaSomenteLeitura.csproj", "{3FD2C59B-E7C9-4665-AAA8-E3DD5D61EB3C}"
EndProject
Project("{2150E333-8FDC-42A3-9474-1A3956D46DE8}") = "Sets", "Sets", "{96C6478C-5DEB-4A19-A05F-A6574E4376A9}"
EndProject
Project("{FAE04EC0-301F-11D3-BF4B-00C04F79EFBC}") = "IntroSets", "IntroSets\IntroSets.csproj", "{19FC71F0-98E6-4412-BFD1-EE17E5D58D50}"
EndProject
Project("{FAE04EC0-301F-11D3-BF4B-00C04F79EFBC}") = "SetsClasses", "SetsClasses\SetsClasses.csproj", "{B9D22EEB-4C46-4C2E-9A6E-934C628584AF}"
EndProject
Project("{2150E333-8FDC-42A3-9474-1A3956D46DE8}") = "Dicionarios", "Dicionarios", "{EE05C114-1863-4B0F-B6B4-030C19904E5D}"
EndProject
Project("{FAE04EC0-301F-11D3-BF4B-00C04F79EFBC}") = "Dicionarios", "Dicionarios\Dicionarios.csproj", "{C8D2EF66-2B37-44BC-A9F9-923223448D0E}"
EndProject
Project("{2150E333-8FDC-42A3-9474-1A3956D46DE8}") = "DataStructures", "DataStructures", "{4FA479C5-9D2D-4CAF-84B2-27E421EF281C}"
EndProject
Project("{FAE04EC0-301F-11D3-BF4B-00C04F79EFBC}") = "LinkedList", "LinkedList\LinkedList.csproj", "{E94B1829-8C22-41D9-AA5D-1506B908FD90}"
EndProject
Global
	GlobalSection(SolutionConfigurationPlatforms) = preSolution
		Debug|Any CPU = Debug|Any CPU
		Release|Any CPU = Release|Any CPU
	EndGlobalSection
	GlobalSection(ProjectConfigurationPlatforms) = postSolution
		{AE95B847-37C4-4E82-9E2C-859C2E1D4C13}.Debug|Any CPU.ActiveCfg = Debug|Any CPU
		{AE95B847-37C4-4E82-9E2C-859C2E1D4C13}.Debug|Any CPU.Build.0 = Debug|Any CPU
		{AE95B847-37C4-4E82-9E2C-859C2E1D4C13}.Release|Any CPU.ActiveCfg = Release|Any CPU
		{AE95B847-37C4-4E82-9E2C-859C2E1D4C13}.Release|Any CPU.Build.0 = Release|Any CPU
		{54C65BD3-8B0A-4394-9445-722145332E57}.Debug|Any CPU.ActiveCfg = Debug|Any CPU
		{54C65BD3-8B0A-4394-9445-722145332E57}.Debug|Any CPU.Build.0 = Debug|Any CPU
		{54C65BD3-8B0A-4394-9445-722145332E57}.Release|Any CPU.ActiveCfg = Release|Any CPU
		{54C65BD3-8B0A-4394-9445-722145332E57}.Release|Any CPU.Build.0 = Release|Any CPU
		{A81EE66E-1222-443A-BB3A-C5A5C21557F8}.Debug|Any CPU.ActiveCfg = Debug|Any CPU
		{A81EE66E-1222-443A-BB3A-C5A5C21557F8}.Debug|Any CPU.Build.0 = Debug|Any CPU
		{A81EE66E-1222-443A-BB3A-C5A5C21557F8}.Release|Any CPU.ActiveCfg = Release|Any CPU
		{A81EE66E-1222-443A-BB3A-C5A5C21557F8}.Release|Any CPU.Build.0 = Release|Any CPU
		{3FD2C59B-E7C9-4665-AAA8-E3DD5D61EB3C}.Debug|Any CPU.ActiveCfg = Debug|Any CPU
		{3FD2C59B-E7C9-4665-AAA8-E3DD5D61EB3C}.Debug|Any CPU.Build.0 = Debug|Any CPU
		{3FD2C59B-E7C9-4665-AAA8-E3DD5D61EB3C}.Release|Any CPU.ActiveCfg = Release|Any CPU
		{3FD2C59B-E7C9-4665-AAA8-E3DD5D61EB3C}.Release|Any CPU.Build.0 = Release|Any CPU
		{19FC71F0-98E6-4412-BFD1-EE17E5D58D50}.Debug|Any CPU.ActiveCfg = Debug|Any CPU
		{19FC71F0-98E6-4412-BFD1-EE17E5D58D50}.Debug|Any CPU.Build.0 = Debug|Any CPU
		{19FC71F0-98E6-4412-BFD1-EE17E5D58D50}.Release|Any CPU.ActiveCfg = Release|Any CPU
		{19FC71F0-98E6-4412-BFD1-EE17E5D58D50}.Release|Any CPU.Build.0 = Release|Any CPU
		{B9D22EEB-4C46-4C2E-9A6E-934C628584AF}.Debug|Any CPU.ActiveCfg = Debug|Any CPU
		{B9D22EEB-4C46-4C2E-9A6E-934C628584AF}.Debug|Any CPU.Build.0 = Debug|Any CPU
		{B9D22EEB-4C46-4C2E-9A6E-934C628584AF}.Release|Any CPU.ActiveCfg = Release|Any CPU
		{B9D22EEB-4C46-4C2E-9A6E-934C628584AF}.Release|Any CPU.Build.0 = Release|Any CPU
		{C8D2EF66-2B37-44BC-A9F9-923223448D0E}.Debug|Any CPU.ActiveCfg = Debug|Any CPU
		{C8D2EF66-2B37-44BC-A9F9-923223448D0E}.Debug|Any CPU.Build.0 = Debug|Any CPU
		{C8D2EF66-2B37-44BC-A9F9-923223448D0E}.Release|Any CPU.ActiveCfg = Release|Any CPU
		{C8D2EF66-2B37-44BC-A9F9-923223448D0E}.Release|Any CPU.Build.0 = Release|Any CPU
		{E94B1829-8C22-41D9-AA5D-1506B908FD90}.Debug|Any CPU.ActiveCfg = Debug|Any CPU
		{E94B1829-8C22-41D9-AA5D-1506B908FD90}.Debug|Any CPU.Build.0 = Debug|Any CPU
		{E94B1829-8C22-41D9-AA5D-1506B908FD90}.Release|Any CPU.ActiveCfg = Release|Any CPU
		{E94B1829-8C22-41D9-AA5D-1506B908FD90}.Release|Any CPU.Build.0 = Release|Any CPU
	EndGlobalSection
	GlobalSection(NestedProjects) = preSolution
		{AE95B847-37C4-4E82-9E2C-859C2E1D4C13} = {EAAB651D-171F-4128-ACF7-25F7450355E1}
		{6C13D0DE-6183-47D0-BCDB-64FE33B1EEBC} = {B63C19AB-1A69-4056-8FB8-6E76E34C5136}
		{0CA9F173-D580-443C-AEF7-BD0DF3C3DC3F} = {B63C19AB-1A69-4056-8FB8-6E76E34C5136}
		{54C65BD3-8B0A-4394-9445-722145332E57} = {6C13D0DE-6183-47D0-BCDB-64FE33B1EEBC}
		{A81EE66E-1222-443A-BB3A-C5A5C21557F8} = {0CA9F173-D580-443C-AEF7-BD0DF3C3DC3F}
		{3FD2C59B-E7C9-4665-AAA8-E3DD5D61EB3C} = {0CA9F173-D580-443C-AEF7-BD0DF3C3DC3F}
		{19FC71F0-98E6-4412-BFD1-EE17E5D58D50} = {96C6478C-5DEB-4A19-A05F-A6574E4376A9}
		{B9D22EEB-4C46-4C2E-9A6E-934C628584AF} = {96C6478C-5DEB-4A19-A05F-A6574E4376A9}
		{C8D2EF66-2B37-44BC-A9F9-923223448D0E} = {EE05C114-1863-4B0F-B6B4-030C19904E5D}
		{E94B1829-8C22-41D9-AA5D-1506B908FD90} = {4FA479C5-9D2D-4CAF-84B2-27E421EF281C}
	EndGlobalSection
EndGlobal
