
Microsoft Visual Studio Solution File, Format Version 12.00
# Visual Studio Version 17
VisualStudioVersion = 17.6.33723.286
MinimumVisualStudioVersion = 10.0.40219.1
Project("{2150E333-8FDC-42A3-9474-1A3956D46DE8}") = "SortedCollections", "SortedCollections", "{58398022-2A5E-4D27-AAA0-4A97DA4F7811}"
EndProject
Project("{9A19103F-16F7-4668-BE54-9A1E7A4F7556}") = "SortedList", "SortedList\SortedList.csproj", "{B880B6CD-3352-45DE-91F1-037914D5CAC6}"
EndProject
Project("{9A19103F-16F7-4668-BE54-9A1E7A4F7556}") = "SortedDictionary", "SortedDictionary\SortedDictionary.csproj", "{7DB43B45-4876-4119-BEF8-26AB8B98F788}"
EndProject
Project("{9A19103F-16F7-4668-BE54-9A1E7A4F7556}") = "SortedSet", "SortedSet\SortedSet.csproj", "{D9288C49-D795-455A-964D-0518944A5CEB}"
EndProject
Project("{2150E333-8FDC-42A3-9474-1A3956D46DE8}") = "ArrayMultidimensional", "ArrayMultidimensional", "{18F58723-9253-4733-BFCB-A7AC8F33DC8A}"
EndProject
Project("{9A19103F-16F7-4668-BE54-9A1E7A4F7556}") = "ArrayMultidimensional", "ArrayMultidimensional\ArrayMultidimensional.csproj", "{2E7677C9-C6D6-4270-BE98-A4932A0831E0}"
EndProject
Project("{9A19103F-16F7-4668-BE54-9A1E7A4F7556}") = "JaggedArrays", "JaggedArrays\JaggedArrays.csproj", "{49BE27B6-971F-486E-A4A0-D8CCD48A17FA}"
EndProject
Project("{2150E333-8FDC-42A3-9474-1A3956D46DE8}") = "LINQ", "LINQ", "{31DE851F-F473-402A-B651-8C1206062A09}"
EndProject
Project("{9A19103F-16F7-4668-BE54-9A1E7A4F7556}") = "QueryingCollections", "QueryingCollections\QueryingCollections.csproj", "{B23B0386-18ED-41E1-BBEA-89A9501C494A}"
EndProject
Project("{FAE04EC0-301F-11D3-BF4B-00C04F79EFBC}") = "QueryingLINQ", "QueryingLINQ\QueryingLINQ.csproj", "{D46340B5-B164-409A-852D-29C569391F69}"
EndProject
Project("{FAE04EC0-301F-11D3-BF4B-00C04F79EFBC}") = "OutrosOperadoresLINQ", "OutrosOperadoresLINQ\OutrosOperadoresLINQ.csproj", "{07CB5CB7-2D5D-46ED-A406-1747443CD0FE}"
EndProject
Project("{2150E333-8FDC-42A3-9474-1A3956D46DE8}") = "Array Multidimensional", "Array Multidimensional", "{D0C74B99-27EA-455E-9DC4-66C678808831}"
EndProject
Project("{FAE04EC0-301F-11D3-BF4B-00C04F79EFBC}") = "ArrayMultidimensional", "ArrayMultidimensional\ArrayMultidimensional.csproj", "{CB761583-FC69-462A-B70A-E8BC8592B05F}"
EndProject
Global
	GlobalSection(SolutionConfigurationPlatforms) = preSolution
		Debug|Any CPU = Debug|Any CPU
		Release|Any CPU = Release|Any CPU
	EndGlobalSection
	GlobalSection(ProjectConfigurationPlatforms) = postSolution
		{B880B6CD-3352-45DE-91F1-037914D5CAC6}.Debug|Any CPU.ActiveCfg = Debug|Any CPU
		{B880B6CD-3352-45DE-91F1-037914D5CAC6}.Debug|Any CPU.Build.0 = Debug|Any CPU
		{B880B6CD-3352-45DE-91F1-037914D5CAC6}.Release|Any CPU.ActiveCfg = Release|Any CPU
		{B880B6CD-3352-45DE-91F1-037914D5CAC6}.Release|Any CPU.Build.0 = Release|Any CPU
		{7DB43B45-4876-4119-BEF8-26AB8B98F788}.Debug|Any CPU.ActiveCfg = Debug|Any CPU
		{7DB43B45-4876-4119-BEF8-26AB8B98F788}.Debug|Any CPU.Build.0 = Debug|Any CPU
		{7DB43B45-4876-4119-BEF8-26AB8B98F788}.Release|Any CPU.ActiveCfg = Release|Any CPU
		{7DB43B45-4876-4119-BEF8-26AB8B98F788}.Release|Any CPU.Build.0 = Release|Any CPU
		{D9288C49-D795-455A-964D-0518944A5CEB}.Debug|Any CPU.ActiveCfg = Debug|Any CPU
		{D9288C49-D795-455A-964D-0518944A5CEB}.Debug|Any CPU.Build.0 = Debug|Any CPU
		{D9288C49-D795-455A-964D-0518944A5CEB}.Release|Any CPU.ActiveCfg = Release|Any CPU
		{D9288C49-D795-455A-964D-0518944A5CEB}.Release|Any CPU.Build.0 = Release|Any CPU
<<<<<<< HEAD
		{CB761583-FC69-462A-B70A-E8BC8592B05F}.Debug|Any CPU.ActiveCfg = Debug|Any CPU
		{CB761583-FC69-462A-B70A-E8BC8592B05F}.Debug|Any CPU.Build.0 = Debug|Any CPU
		{CB761583-FC69-462A-B70A-E8BC8592B05F}.Release|Any CPU.ActiveCfg = Release|Any CPU
		{CB761583-FC69-462A-B70A-E8BC8592B05F}.Release|Any CPU.Build.0 = Release|Any CPU
=======
		{2E7677C9-C6D6-4270-BE98-A4932A0831E0}.Debug|Any CPU.ActiveCfg = Debug|Any CPU
		{2E7677C9-C6D6-4270-BE98-A4932A0831E0}.Debug|Any CPU.Build.0 = Debug|Any CPU
		{2E7677C9-C6D6-4270-BE98-A4932A0831E0}.Release|Any CPU.ActiveCfg = Release|Any CPU
		{2E7677C9-C6D6-4270-BE98-A4932A0831E0}.Release|Any CPU.Build.0 = Release|Any CPU
		{49BE27B6-971F-486E-A4A0-D8CCD48A17FA}.Debug|Any CPU.ActiveCfg = Debug|Any CPU
		{49BE27B6-971F-486E-A4A0-D8CCD48A17FA}.Debug|Any CPU.Build.0 = Debug|Any CPU
		{49BE27B6-971F-486E-A4A0-D8CCD48A17FA}.Release|Any CPU.ActiveCfg = Release|Any CPU
		{49BE27B6-971F-486E-A4A0-D8CCD48A17FA}.Release|Any CPU.Build.0 = Release|Any CPU
		{B23B0386-18ED-41E1-BBEA-89A9501C494A}.Debug|Any CPU.ActiveCfg = Debug|Any CPU
		{B23B0386-18ED-41E1-BBEA-89A9501C494A}.Debug|Any CPU.Build.0 = Debug|Any CPU
		{B23B0386-18ED-41E1-BBEA-89A9501C494A}.Release|Any CPU.ActiveCfg = Release|Any CPU
		{B23B0386-18ED-41E1-BBEA-89A9501C494A}.Release|Any CPU.Build.0 = Release|Any CPU
		{D46340B5-B164-409A-852D-29C569391F69}.Debug|Any CPU.ActiveCfg = Debug|Any CPU
		{D46340B5-B164-409A-852D-29C569391F69}.Debug|Any CPU.Build.0 = Debug|Any CPU
		{D46340B5-B164-409A-852D-29C569391F69}.Release|Any CPU.ActiveCfg = Release|Any CPU
		{D46340B5-B164-409A-852D-29C569391F69}.Release|Any CPU.Build.0 = Release|Any CPU
		{07CB5CB7-2D5D-46ED-A406-1747443CD0FE}.Debug|Any CPU.ActiveCfg = Debug|Any CPU
		{07CB5CB7-2D5D-46ED-A406-1747443CD0FE}.Debug|Any CPU.Build.0 = Debug|Any CPU
		{07CB5CB7-2D5D-46ED-A406-1747443CD0FE}.Release|Any CPU.ActiveCfg = Release|Any CPU
		{07CB5CB7-2D5D-46ED-A406-1747443CD0FE}.Release|Any CPU.Build.0 = Release|Any CPU
	EndGlobalSection
	GlobalSection(SolutionProperties) = preSolution
		HideSolutionNode = FALSE
>>>>>>> 22f22f3bb39f1c02e8af2acb60f77744aee9123a
	EndGlobalSection
	GlobalSection(NestedProjects) = preSolution
		{B880B6CD-3352-45DE-91F1-037914D5CAC6} = {58398022-2A5E-4D27-AAA0-4A97DA4F7811}
		{7DB43B45-4876-4119-BEF8-26AB8B98F788} = {58398022-2A5E-4D27-AAA0-4A97DA4F7811}
		{D9288C49-D795-455A-964D-0518944A5CEB} = {58398022-2A5E-4D27-AAA0-4A97DA4F7811}
<<<<<<< HEAD
		{CB761583-FC69-462A-B70A-E8BC8592B05F} = {D0C74B99-27EA-455E-9DC4-66C678808831}
=======
		{2E7677C9-C6D6-4270-BE98-A4932A0831E0} = {18F58723-9253-4733-BFCB-A7AC8F33DC8A}
		{49BE27B6-971F-486E-A4A0-D8CCD48A17FA} = {18F58723-9253-4733-BFCB-A7AC8F33DC8A}
		{B23B0386-18ED-41E1-BBEA-89A9501C494A} = {31DE851F-F473-402A-B651-8C1206062A09}
		{D46340B5-B164-409A-852D-29C569391F69} = {31DE851F-F473-402A-B651-8C1206062A09}
		{07CB5CB7-2D5D-46ED-A406-1747443CD0FE} = {31DE851F-F473-402A-B651-8C1206062A09}
	EndGlobalSection
	GlobalSection(ExtensibilityGlobals) = postSolution
		SolutionGuid = {7475768F-EE14-49EF-B82E-39814CE8DE05}
>>>>>>> 22f22f3bb39f1c02e8af2acb60f77744aee9123a
	EndGlobalSection
EndGlobal
