
Microsoft Visual Studio Solution File, Format Version 12.00
Project("{FAE04EC0-301F-11D3-BF4B-00C04F79EFBC}") = "Collections-1", "Collections-1.csproj", "{FAD874C7-058B-4221-A71C-1FDB509A03F5}"
EndProject
Global
	GlobalSection(SolutionConfigurationPlatforms) = preSolution
		Debug|Any CPU = Debug|Any CPU
		Release|Any CPU = Release|Any CPU
	EndGlobalSection
	GlobalSection(ProjectConfigurationPlatforms) = postSolution
		{FAD874C7-058B-4221-A71C-1FDB509A03F5}.Debug|Any CPU.ActiveCfg = Debug|Any CPU
		{FAD874C7-058B-4221-A71C-1FDB509A03F5}.Debug|Any CPU.Build.0 = Debug|Any CPU
		{FAD874C7-058B-4221-A71C-1FDB509A03F5}.Release|Any CPU.ActiveCfg = Release|Any CPU
		{FAD874C7-058B-4221-A71C-1FDB509A03F5}.Release|Any CPU.Build.0 = Release|Any CPU
	EndGlobalSection
EndGlobal
