
Microsoft Visual Studio Solution File, Format Version 12.00
# Visual Studio Version 17
VisualStudioVersion = 17.6.33723.286
MinimumVisualStudioVersion = 10.0.40219.1
Project("{FAE04EC0-301F-11D3-BF4B-00C04F79EFBC}") = "WebSalesMVC", "WebSalesMVC\WebSalesMVC.csproj", "{F961E0B4-3FC5-4292-A192-19BEFC23F965}"
EndProject
Global
	GlobalSection(SolutionConfigurationPlatforms) = preSolution
		Debug|Any CPU = Debug|Any CPU
		Release|Any CPU = Release|Any CPU
	EndGlobalSection
	GlobalSection(ProjectConfigurationPlatforms) = postSolution
		{F961E0B4-3FC5-4292-A192-19BEFC23F965}.Debug|Any CPU.ActiveCfg = Debug|Any CPU
		{F961E0B4-3FC5-4292-A192-19BEFC23F965}.Debug|Any CPU.Build.0 = Debug|Any CPU
		{F961E0B4-3FC5-4292-A192-19BEFC23F965}.Release|Any CPU.ActiveCfg = Release|Any CPU
		{F961E0B4-3FC5-4292-A192-19BEFC23F965}.Release|Any CPU.Build.0 = Release|Any CPU
	EndGlobalSection
	GlobalSection(SolutionProperties) = preSolution
		HideSolutionNode = FALSE
	EndGlobalSection
	GlobalSection(ExtensibilityGlobals) = postSolution
		SolutionGuid = {DE8BB89A-6D74-4F6E-A525-E51F7D79C396}
	EndGlobalSection
EndGlobal
